
Microsoft Visual Studio Solution File, Format Version 12.00
# Visual Studio Version 16
VisualStudioVersion = 16.0.31515.178
MinimumVisualStudioVersion = 10.0.40219.1
Project("{FAE04EC0-301F-11D3-BF4B-00C04F79EFBC}") = "Aluminio Soluciones", "Aluminio Soluciones\Aluminio Soluciones.csproj", "{0EEEF7A7-2454-4E16-84AF-EBFDB7EE5335}"
EndProject
Global
	GlobalSection(SolutionConfigurationPlatforms) = preSolution
		Debug|Any CPU = Debug|Any CPU
		Release|Any CPU = Release|Any CPU
	EndGlobalSection
	GlobalSection(ProjectConfigurationPlatforms) = postSolution
		{0EEEF7A7-2454-4E16-84AF-EBFDB7EE5335}.Debug|Any CPU.ActiveCfg = Debug|Any CPU
		{0EEEF7A7-2454-4E16-84AF-EBFDB7EE5335}.Debug|Any CPU.Build.0 = Debug|Any CPU
		{0EEEF7A7-2454-4E16-84AF-EBFDB7EE5335}.Release|Any CPU.ActiveCfg = Release|Any CPU
		{0EEEF7A7-2454-4E16-84AF-EBFDB7EE5335}.Release|Any CPU.Build.0 = Release|Any CPU
	EndGlobalSection
	GlobalSection(SolutionProperties) = preSolution
		HideSolutionNode = FALSE
	EndGlobalSection
	GlobalSection(ExtensibilityGlobals) = postSolution
		SolutionGuid = {AD3409C6-4E33-440C-855F-BC46F5FFD63A}
	EndGlobalSection
EndGlobal
